
Microsoft Visual Studio Solution File, Format Version 12.00
# Visual Studio Version 17
VisualStudioVersion = 17.14.36301.6 d17.14
MinimumVisualStudioVersion = 10.0.40219.1
Project("{FAE04EC0-301F-11D3-BF4B-00C04F79EFBC}") = "Student-Loans-eBonder", "Student-Loans-eBonder\Student-Loans-eBonder.csproj", "{2B745805-8C6B-479A-8A6E-CA52F416F700}"
EndProject
Global
	GlobalSection(SolutionConfigurationPlatforms) = preSolution
		Debug|Any CPU = Debug|Any CPU
		Release|Any CPU = Release|Any CPU
	EndGlobalSection
	GlobalSection(ProjectConfigurationPlatforms) = postSolution
		{2B745805-8C6B-479A-8A6E-CA52F416F700}.Debug|Any CPU.ActiveCfg = Debug|Any CPU
		{2B745805-8C6B-479A-8A6E-CA52F416F700}.Debug|Any CPU.Build.0 = Debug|Any CPU
		{2B745805-8C6B-479A-8A6E-CA52F416F700}.Release|Any CPU.ActiveCfg = Release|Any CPU
		{2B745805-8C6B-479A-8A6E-CA52F416F700}.Release|Any CPU.Build.0 = Release|Any CPU
	EndGlobalSection
	GlobalSection(SolutionProperties) = preSolution
		HideSolutionNode = FALSE
	EndGlobalSection
	GlobalSection(ExtensibilityGlobals) = postSolution
		SolutionGuid = {32BF8DA3-7622-4A5F-860D-A14D720BCD9D}
	EndGlobalSection
EndGlobal
